
Microsoft Visual Studio Solution File, Format Version 12.00
# Visual Studio Version 17
VisualStudioVersion = 17.13.35825.156 d17.13
MinimumVisualStudioVersion = 10.0.40219.1
Project("{FAE04EC0-301F-11D3-BF4B-00C04F79EFBC}") = "StudentService", "StudentService\StudentService.csproj", "{975B90A5-265F-4428-A180-3C7521564A13}"
EndProject
Global
	GlobalSection(SolutionConfigurationPlatforms) = preSolution
		Debug|Any CPU = Debug|Any CPU
		Release|Any CPU = Release|Any CPU
	EndGlobalSection
	GlobalSection(ProjectConfigurationPlatforms) = postSolution
		{975B90A5-265F-4428-A180-3C7521564A13}.Debug|Any CPU.ActiveCfg = Debug|Any CPU
		{975B90A5-265F-4428-A180-3C7521564A13}.Debug|Any CPU.Build.0 = Debug|Any CPU
		{975B90A5-265F-4428-A180-3C7521564A13}.Release|Any CPU.ActiveCfg = Release|Any CPU
		{975B90A5-265F-4428-A180-3C7521564A13}.Release|Any CPU.Build.0 = Release|Any CPU
	EndGlobalSection
	GlobalSection(SolutionProperties) = preSolution
		HideSolutionNode = FALSE
	EndGlobalSection
	GlobalSection(ExtensibilityGlobals) = postSolution
		SolutionGuid = {A180D42E-94E8-48E7-88CF-672FCB7F4A58}
	EndGlobalSection
EndGlobal
